
Microsoft Visual Studio Solution File, Format Version 12.00
# Visual Studio Version 16
VisualStudioVersion = 16.0.31624.102
MinimumVisualStudioVersion = 10.0.40219.1
Project("{9A19103F-16F7-4668-BE54-9A1E7A4F7556}") = "API", "OB-BE-dotnet-auth\API.csproj", "{D7765E3D-4707-4580-8AFC-C21B02CD7E2A}"
EndProject
Project("{9A19103F-16F7-4668-BE54-9A1E7A4F7556}") = "BLL", "BLL\BLL.csproj", "{6ADEFAEC-0E3F-4CEE-815A-B10EE2C99F47}"
EndProject
Project("{9A19103F-16F7-4668-BE54-9A1E7A4F7556}") = "DAL", "DAL\DAL.csproj", "{20C91011-D113-490D-A4FD-481939D0AF16}"
EndProject
Global
	GlobalSection(SolutionConfigurationPlatforms) = preSolution
		Debug|Any CPU = Debug|Any CPU
		Release|Any CPU = Release|Any CPU
	EndGlobalSection
	GlobalSection(ProjectConfigurationPlatforms) = postSolution
		{D7765E3D-4707-4580-8AFC-C21B02CD7E2A}.Debug|Any CPU.ActiveCfg = Debug|Any CPU
		{D7765E3D-4707-4580-8AFC-C21B02CD7E2A}.Debug|Any CPU.Build.0 = Debug|Any CPU
		{D7765E3D-4707-4580-8AFC-C21B02CD7E2A}.Release|Any CPU.ActiveCfg = Release|Any CPU
		{D7765E3D-4707-4580-8AFC-C21B02CD7E2A}.Release|Any CPU.Build.0 = Release|Any CPU
		{6ADEFAEC-0E3F-4CEE-815A-B10EE2C99F47}.Debug|Any CPU.ActiveCfg = Debug|Any CPU
		{6ADEFAEC-0E3F-4CEE-815A-B10EE2C99F47}.Debug|Any CPU.Build.0 = Debug|Any CPU
		{6ADEFAEC-0E3F-4CEE-815A-B10EE2C99F47}.Release|Any CPU.ActiveCfg = Release|Any CPU
		{6ADEFAEC-0E3F-4CEE-815A-B10EE2C99F47}.Release|Any CPU.Build.0 = Release|Any CPU
		{20C91011-D113-490D-A4FD-481939D0AF16}.Debug|Any CPU.ActiveCfg = Debug|Any CPU
		{20C91011-D113-490D-A4FD-481939D0AF16}.Debug|Any CPU.Build.0 = Debug|Any CPU
		{20C91011-D113-490D-A4FD-481939D0AF16}.Release|Any CPU.ActiveCfg = Release|Any CPU
		{20C91011-D113-490D-A4FD-481939D0AF16}.Release|Any CPU.Build.0 = Release|Any CPU
	EndGlobalSection
	GlobalSection(SolutionProperties) = preSolution
		HideSolutionNode = FALSE
	EndGlobalSection
	GlobalSection(ExtensibilityGlobals) = postSolution
		SolutionGuid = {7F45707C-BCA4-4042-BE6C-8A02E9E0B1EA}
	EndGlobalSection
EndGlobal
